
Microsoft Visual Studio Solution File, Format Version 12.00
# Visual Studio Version 17
VisualStudioVersion = 17.10.35122.118
MinimumVisualStudioVersion = 10.0.40219.1
Project("{FAE04EC0-301F-11D3-BF4B-00C04F79EFBC}") = "dust2dustpart3", "dust2dustpart3\dust2dustpart3.csproj", "{AF02BC7A-37AB-48A7-B642-BEBD44903662}"
EndProject
Global
	GlobalSection(SolutionConfigurationPlatforms) = preSolution
		Debug|Any CPU = Debug|Any CPU
		Release|Any CPU = Release|Any CPU
	EndGlobalSection
	GlobalSection(ProjectConfigurationPlatforms) = postSolution
		{AF02BC7A-37AB-48A7-B642-BEBD44903662}.Debug|Any CPU.ActiveCfg = Debug|Any CPU
		{AF02BC7A-37AB-48A7-B642-BEBD44903662}.Debug|Any CPU.Build.0 = Debug|Any CPU
		{AF02BC7A-37AB-48A7-B642-BEBD44903662}.Release|Any CPU.ActiveCfg = Release|Any CPU
		{AF02BC7A-37AB-48A7-B642-BEBD44903662}.Release|Any CPU.Build.0 = Release|Any CPU
	EndGlobalSection
	GlobalSection(SolutionProperties) = preSolution
		HideSolutionNode = FALSE
	EndGlobalSection
	GlobalSection(ExtensibilityGlobals) = postSolution
		SolutionGuid = {10FCA807-DFD0-4BB1-A9EA-8E016677E6CB}
	EndGlobalSection
EndGlobal
